// !$*UTF8*$!
{
	archiveVersion = 1;
	classes = {
	};
	objectVersion = 50;
	objects = {

/* Begin PBXBuildFile section */
		D54C0F9C26EE23A100D06010 /* FBAEMKit.framework in Frameworks */ = {isa = PBXBuildFile; fileRef = D54C0F9326EE22B000D06010 /* FBAEMKit.framework */; };
		D54C0F9D26EE23A100D06010 /* FBSDKCoreKit_Basics.framework in Frameworks */ = {isa = PBXBuildFile; fileRef = D54C0F9426EE22B000D06010 /* FBSDKCoreKit_Basics.framework */; };
		D54C0F9E26EE23A100D06010 /* FBSDKCoreKit.framework in Frameworks */ = {isa = PBXBuildFile; fileRef = D54C0F9526EE22B000D06010 /* FBSDKCoreKit.framework */; };
		D54C0F9F26EE23A100D06010 /* FBSDKLoginKit.framework in Frameworks */ = {isa = PBXBuildFile; fileRef = D54C0F9226EE22B000D06010 /* FBSDKLoginKit.framework */; };
		D54C0FA226EE249E00D06010 /* FacebookProvider.mm in Sources */ = {isa = PBXBuildFile; fileRef = D54C0FA126EE249E00D06010 /* FacebookProvider.mm */; };
		D54C0FA526EE26D900D06010 /* AuthResult.mm in Sources */ = {isa = PBXBuildFile; fileRef = D54C0FA426EE26D900D06010 /* AuthResult.mm */; };
		D5A9875B26EE19A6003508F5 /* GodotFacebookAuth.mm in Sources */ = {isa = PBXBuildFile; fileRef = D5A9875A26EE19A6003508F5 /* GodotFacebookAuth.mm */; };
		D5A9875C26EE19A6003508F5 /* GodotFacebookAuth.h in CopyFiles */ = {isa = PBXBuildFile; fileRef = D5A9875926EE19A6003508F5 /* GodotFacebookAuth.h */; };
/* End PBXBuildFile section */

/* Begin PBXCopyFilesBuildPhase section */
		D5A9875426EE19A6003508F5 /* CopyFiles */ = {
			isa = PBXCopyFilesBuildPhase;
			buildActionMask = 2147483647;
			dstPath = "include/$(PRODUCT_NAME)";
			dstSubfolderSpec = 16;
			files = (
				D5A9875C26EE19A6003508F5 /* GodotFacebookAuth.h in CopyFiles */,
			);
			runOnlyForDeploymentPostprocessing = 0;
		};
/* End PBXCopyFilesBuildPhase section */

/* Begin PBXFileReference section */
		D54C0F9226EE22B000D06010 /* FBSDKLoginKit.framework */ = {isa = PBXFileReference; lastKnownFileType = wrapper.framework; name = FBSDKLoginKit.framework; path = FacebookSDK_Static_11.2.0/FBSDKLoginKit.framework; sourceTree = "<group>"; };
		D54C0F9326EE22B000D06010 /* FBAEMKit.framework */ = {isa = PBXFileReference; lastKnownFileType = wrapper.framework; name = FBAEMKit.framework; path = FacebookSDK_Static_11.2.0/FBAEMKit.framework; sourceTree = "<group>"; };
		D54C0F9426EE22B000D06010 /* FBSDKCoreKit_Basics.framework */ = {isa = PBXFileReference; lastKnownFileType = wrapper.framework; name = FBSDKCoreKit_Basics.framework; path = FacebookSDK_Static_11.2.0/FBSDKCoreKit_Basics.framework; sourceTree = "<group>"; };
		D54C0F9526EE22B000D06010 /* FBSDKCoreKit.framework */ = {isa = PBXFileReference; lastKnownFileType = wrapper.framework; name = FBSDKCoreKit.framework; path = FacebookSDK_Static_11.2.0/FBSDKCoreKit.framework; sourceTree = "<group>"; };
		D54C0FA026EE249E00D06010 /* FacebookProvider.h */ = {isa = PBXFileReference; lastKnownFileType = sourcecode.c.h; path = FacebookProvider.h; sourceTree = "<group>"; };
		D54C0FA126EE249E00D06010 /* FacebookProvider.mm */ = {isa = PBXFileReference; lastKnownFileType = sourcecode.cpp.objcpp; path = FacebookProvider.mm; sourceTree = "<group>"; };
		D54C0FA326EE26D900D06010 /* AuthResult.h */ = {isa = PBXFileReference; lastKnownFileType = sourcecode.c.h; path = AuthResult.h; sourceTree = "<group>"; };
		D54C0FA426EE26D900D06010 /* AuthResult.mm */ = {isa = PBXFileReference; lastKnownFileType = sourcecode.cpp.objcpp; path = AuthResult.mm; sourceTree = "<group>"; };
		D5A9875626EE19A6003508F5 /* libGodotFacebookAuth.a */ = {isa = PBXFileReference; explicitFileType = archive.ar; includeInIndex = 0; path = libGodotFacebookAuth.a; sourceTree = BUILT_PRODUCTS_DIR; };
		D5A9875926EE19A6003508F5 /* GodotFacebookAuth.h */ = {isa = PBXFileReference; lastKnownFileType = sourcecode.c.h; path = GodotFacebookAuth.h; sourceTree = "<group>"; };
		D5A9875A26EE19A6003508F5 /* GodotFacebookAuth.mm */ = {isa = PBXFileReference; lastKnownFileType = sourcecode.cpp.objcpp; path = GodotFacebookAuth.mm; sourceTree = "<group>"; };
/* End PBXFileReference section */

/* Begin PBXFrameworksBuildPhase section */
		D5A9875326EE19A6003508F5 /* Frameworks */ = {
			isa = PBXFrameworksBuildPhase;
			buildActionMask = 2147483647;
			files = (
				D54C0F9C26EE23A100D06010 /* FBAEMKit.framework in Frameworks */,
				D54C0F9D26EE23A100D06010 /* FBSDKCoreKit_Basics.framework in Frameworks */,
				D54C0F9E26EE23A100D06010 /* FBSDKCoreKit.framework in Frameworks */,
				D54C0F9F26EE23A100D06010 /* FBSDKLoginKit.framework in Frameworks */,
			);
			runOnlyForDeploymentPostprocessing = 0;
		};
/* End PBXFrameworksBuildPhase section */

/* Begin PBXGroup section */
		D54C0F9126EE22B000D06010 /* Frameworks */ = {
			isa = PBXGroup;
			children = (
				D54C0F9326EE22B000D06010 /* FBAEMKit.framework */,
				D54C0F9426EE22B000D06010 /* FBSDKCoreKit_Basics.framework */,
				D54C0F9526EE22B000D06010 /* FBSDKCoreKit.framework */,
				D54C0F9226EE22B000D06010 /* FBSDKLoginKit.framework */,
			);
			name = Frameworks;
			sourceTree = "<group>";
		};
		D5A9874D26EE19A6003508F5 = {
			isa = PBXGroup;
			children = (
				D5A9875826EE19A6003508F5 /* GodotFacebookAuth */,
				D5A9875726EE19A6003508F5 /* Products */,
				D54C0F9126EE22B000D06010 /* Frameworks */,
			);
			sourceTree = "<group>";
		};
		D5A9875726EE19A6003508F5 /* Products */ = {
			isa = PBXGroup;
			children = (
				D5A9875626EE19A6003508F5 /* libGodotFacebookAuth.a */,
			);
			name = Products;
			sourceTree = "<group>";
		};
		D5A9875826EE19A6003508F5 /* GodotFacebookAuth */ = {
			isa = PBXGroup;
			children = (
				D54C0FA326EE26D900D06010 /* AuthResult.h */,
				D54C0FA426EE26D900D06010 /* AuthResult.mm */,
				D54C0FA026EE249E00D06010 /* FacebookProvider.h */,
				D54C0FA126EE249E00D06010 /* FacebookProvider.mm */,
				D5A9875926EE19A6003508F5 /* GodotFacebookAuth.h */,
				D5A9875A26EE19A6003508F5 /* GodotFacebookAuth.mm */,
			);
			path = GodotFacebookAuth;
			sourceTree = "<group>";
		};
/* End PBXGroup section */

/* Begin PBXNativeTarget section */
		D5A9875526EE19A6003508F5 /* GodotFacebookAuth */ = {
			isa = PBXNativeTarget;
			buildConfigurationList = D5A9875F26EE19A6003508F5 /* Build configuration list for PBXNativeTarget "GodotFacebookAuth" */;
			buildPhases = (
				D5A9875226EE19A6003508F5 /* Sources */,
				D5A9875326EE19A6003508F5 /* Frameworks */,
				D5A9875426EE19A6003508F5 /* CopyFiles */,
			);
			buildRules = (
			);
			dependencies = (
			);
			name = GodotFacebookAuth;
			productName = GodotFacebookAuth;
			productReference = D5A9875626EE19A6003508F5 /* libGodotFacebookAuth.a */;
			productType = "com.apple.product-type.library.static";
		};
/* End PBXNativeTarget section */

/* Begin PBXProject section */
		D5A9874E26EE19A6003508F5 /* Project object */ = {
			isa = PBXProject;
			attributes = {
				LastUpgradeCheck = 1250;
				TargetAttributes = {
					D5A9875526EE19A6003508F5 = {
						CreatedOnToolsVersion = 12.5.1;
					};
				};
			};
			buildConfigurationList = D5A9875126EE19A6003508F5 /* Build configuration list for PBXProject "GodotFacebookAuth" */;
			compatibilityVersion = "Xcode 9.3";
			developmentRegion = en;
			hasScannedForEncodings = 0;
			knownRegions = (
				en,
				Base,
			);
			mainGroup = D5A9874D26EE19A6003508F5;
			productRefGroup = D5A9875726EE19A6003508F5 /* Products */;
			projectDirPath = "";
			projectRoot = "";
			targets = (
				D5A9875526EE19A6003508F5 /* GodotFacebookAuth */,
			);
		};
/* End PBXProject section */

/* Begin PBXSourcesBuildPhase section */
		D5A9875226EE19A6003508F5 /* Sources */ = {
			isa = PBXSourcesBuildPhase;
			buildActionMask = 2147483647;
			files = (
				D54C0FA226EE249E00D06010 /* FacebookProvider.mm in Sources */,
				D5A9875B26EE19A6003508F5 /* GodotFacebookAuth.mm in Sources */,
				D54C0FA526EE26D900D06010 /* AuthResult.mm in Sources */,
			);
			runOnlyForDeploymentPostprocessing = 0;
		};
/* End PBXSourcesBuildPhase section */

/* Begin XCBuildConfiguration section */
		D5A9875D26EE19A6003508F5 /* Debug */ = {
			isa = XCBuildConfiguration;
			buildSettings = {
				ALWAYS_SEARCH_USER_PATHS = NO;
				CLANG_ANALYZER_NONNULL = YES;
				CLANG_ANALYZER_NUMBER_OBJECT_CONVERSION = YES_AGGRESSIVE;
				CLANG_CXX_LANGUAGE_STANDARD = "gnu++14";
				CLANG_CXX_LIBRARY = "libc++";
				CLANG_ENABLE_MODULES = YES;
				CLANG_ENABLE_OBJC_ARC = YES;
				CLANG_ENABLE_OBJC_WEAK = YES;
				CLANG_WARN_BLOCK_CAPTURE_AUTORELEASING = YES;
				CLANG_WARN_BOOL_CONVERSION = YES;
				CLANG_WARN_COMMA = YES;
				CLANG_WARN_CONSTANT_CONVERSION = YES;
				CLANG_WARN_DEPRECATED_OBJC_IMPLEMENTATIONS = YES;
				CLANG_WARN_DIRECT_OBJC_ISA_USAGE = YES_ERROR;
				CLANG_WARN_DOCUMENTATION_COMMENTS = YES;
				CLANG_WARN_EMPTY_BODY = YES;
				CLANG_WARN_ENUM_CONVERSION = YES;
				CLANG_WARN_INFINITE_RECURSION = YES;
				CLANG_WARN_INT_CONVERSION = YES;
				CLANG_WARN_NON_LITERAL_NULL_CONVERSION = YES;
				CLANG_WARN_OBJC_IMPLICIT_RETAIN_SELF = YES;
				CLANG_WARN_OBJC_LITERAL_CONVERSION = YES;
				CLANG_WARN_OBJC_ROOT_CLASS = YES_ERROR;
				CLANG_WARN_QUOTED_INCLUDE_IN_FRAMEWORK_HEADER = YES;
				CLANG_WARN_RANGE_LOOP_ANALYSIS = YES;
				CLANG_WARN_STRICT_PROTOTYPES = YES;
				CLANG_WARN_SUSPICIOUS_MOVE = YES;
				CLANG_WARN_UNGUARDED_AVAILABILITY = YES_AGGRESSIVE;
				CLANG_WARN_UNREACHABLE_CODE = YES;
				CLANG_WARN__DUPLICATE_METHOD_MATCH = YES;
				COPY_PHASE_STRIP = NO;
				DEBUG_INFORMATION_FORMAT = dwarf;
				ENABLE_STRICT_OBJC_MSGSEND = YES;
				ENABLE_TESTABILITY = YES;
				GCC_C_LANGUAGE_STANDARD = gnu11;
				GCC_DYNAMIC_NO_PIC = NO;
				GCC_NO_COMMON_BLOCKS = YES;
				GCC_OPTIMIZATION_LEVEL = 0;
				GCC_PREPROCESSOR_DEFINITIONS = (
					"DEBUG=1",
					"$(inherited)",
				);
				GCC_WARN_64_TO_32_BIT_CONVERSION = YES;
				GCC_WARN_ABOUT_RETURN_TYPE = YES_ERROR;
				GCC_WARN_UNDECLARED_SELECTOR = YES;
				GCC_WARN_UNINITIALIZED_AUTOS = YES_AGGRESSIVE;
				GCC_WARN_UNUSED_FUNCTION = YES;
				GCC_WARN_UNUSED_VARIABLE = YES;
				IPHONEOS_DEPLOYMENT_TARGET = 10.0;
				MTL_ENABLE_DEBUG_INFO = INCLUDE_SOURCE;
				MTL_FAST_MATH = YES;
				ONLY_ACTIVE_ARCH = YES;
				SDKROOT = iphoneos;
			};
			name = Debug;
		};
		D5A9875E26EE19A6003508F5 /* Release */ = {
			isa = XCBuildConfiguration;
			buildSettings = {
				ALWAYS_SEARCH_USER_PATHS = NO;
				CLANG_ANALYZER_NONNULL = YES;
				CLANG_ANALYZER_NUMBER_OBJECT_CONVERSION = YES_AGGRESSIVE;
				CLANG_CXX_LANGUAGE_STANDARD = "gnu++14";
				CLANG_CXX_LIBRARY = "libc++";
				CLANG_ENABLE_MODULES = YES;
				CLANG_ENABLE_OBJC_ARC = YES;
				CLANG_ENABLE_OBJC_WEAK = YES;
				CLANG_WARN_BLOCK_CAPTURE_AUTORELEASING = YES;
				CLANG_WARN_BOOL_CONVERSION = YES;
				CLANG_WARN_COMMA = YES;
				CLANG_WARN_CONSTANT_CONVERSION = YES;
				CLANG_WARN_DEPRECATED_OBJC_IMPLEMENTATIONS = YES;
				CLANG_WARN_DIRECT_OBJC_ISA_USAGE = YES_ERROR;
				CLANG_WARN_DOCUMENTATION_COMMENTS = YES;
				CLANG_WARN_EMPTY_BODY = YES;
				CLANG_WARN_ENUM_CONVERSION = YES;
				CLANG_WARN_INFINITE_RECURSION = YES;
				CLANG_WARN_INT_CONVERSION = YES;
				CLANG_WARN_NON_LITERAL_NULL_CONVERSION = YES;
				CLANG_WARN_OBJC_IMPLICIT_RETAIN_SELF = YES;
				CLANG_WARN_OBJC_LITERAL_CONVERSION = YES;
				CLANG_WARN_OBJC_ROOT_CLASS = YES_ERROR;
				CLANG_WARN_QUOTED_INCLUDE_IN_FRAMEWORK_HEADER = YES;
				CLANG_WARN_RANGE_LOOP_ANALYSIS = YES;
				CLANG_WARN_STRICT_PROTOTYPES = YES;
				CLANG_WARN_SUSPICIOUS_MOVE = YES;
				CLANG_WARN_UNGUARDED_AVAILABILITY = YES_AGGRESSIVE;
				CLANG_WARN_UNREACHABLE_CODE = YES;
				CLANG_WARN__DUPLICATE_METHOD_MATCH = YES;
				COPY_PHASE_STRIP = NO;
				DEBUG_INFORMATION_FORMAT = "dwarf-with-dsym";
				ENABLE_NS_ASSERTIONS = NO;
				ENABLE_STRICT_OBJC_MSGSEND = YES;
				GCC_C_LANGUAGE_STANDARD = gnu11;
				GCC_NO_COMMON_BLOCKS = YES;
				GCC_WARN_64_TO_32_BIT_CONVERSION = YES;
				GCC_WARN_ABOUT_RETURN_TYPE = YES_ERROR;
				GCC_WARN_UNDECLARED_SELECTOR = YES;
				GCC_WARN_UNINITIALIZED_AUTOS = YES_AGGRESSIVE;
				GCC_WARN_UNUSED_FUNCTION = YES;
				GCC_WARN_UNUSED_VARIABLE = YES;
				IPHONEOS_DEPLOYMENT_TARGET = 10.0;
				MTL_ENABLE_DEBUG_INFO = NO;
				MTL_FAST_MATH = YES;
				SDKROOT = iphoneos;
				VALIDATE_PRODUCT = YES;
			};
			name = Release;
		};
		D5A9876026EE19A6003508F5 /* Debug */ = {
			isa = XCBuildConfiguration;
			buildSettings = {
				CLANG_ALLOW_NON_MODULAR_INCLUDES_IN_FRAMEWORK_MODULES = YES;
				CODE_SIGN_STYLE = Automatic;
				DEVELOPMENT_TEAM = F93QJDSLD3;
				FRAMEWORK_SEARCH_PATHS = (
					"$(inherited)",
					"$(PROJECT_DIR)/FacebookSDK_Static_11.2.0",
				);
				HEADER_SEARCH_PATHS = (
					"$(SRCROOT)/godot",
					"$(SRCROOT)/godot/main",
					"$(SRCROOT)/godot/core",
					"$(SRCROOT)/godot/core/os",
					"$(SRCROOT)/godot/servers",
					"$(SRCROOT)/godot/platform",
					"$(SRCROOT)/godot/platform/iphone",
					"$(SRCROOT)/godot/modules",
					"$(SRCROOT)/godot/scene",
					"$(SRCROOT)/godot/drivers",
					"$(SRCROOT)/godot/trirdparty",
				);
				OTHER_CFLAGS = (
					"-fcxx-modules",
					"-fmodules",
					"-g",
					"-DPTRCALL_ENABLED",
					"-DDEBUG_ENABLED",
					"-DDEBUG_MEMORY_ALLOC",
					"-DDISABLE_FORCED_INLINE",
					"-DTYPED_METHOD_BIND",
				);
				OTHER_LDFLAGS = "-ObjC";
				PRODUCT_NAME = "$(TARGET_NAME)";
				SKIP_INSTALL = YES;
				TARGETED_DEVICE_FAMILY = "1,2";
			};
			name = Debug;
		};
		D5A9876126EE19A6003508F5 /* Release */ = {
			isa = XCBuildConfiguration;
			buildSettings = {
				CLANG_ALLOW_NON_MODULAR_INCLUDES_IN_FRAMEWORK_MODULES = YES;
				CODE_SIGN_STYLE = Automatic;
				DEVELOPMENT_TEAM = F93QJDSLD3;
				FRAMEWORK_SEARCH_PATHS = (
					"$(inherited)",
					"$(PROJECT_DIR)/FacebookSDK_Static_11.2.0",
				);
				HEADER_SEARCH_PATHS = (
					"$(SRCROOT)/godot",
					"$(SRCROOT)/godot/main",
					"$(SRCROOT)/godot/core",
					"$(SRCROOT)/godot/core/os",
					"$(SRCROOT)/godot/servers",
					"$(SRCROOT)/godot/platform",
					"$(SRCROOT)/godot/platform/iphone",
					"$(SRCROOT)/godot/modules",
					"$(SRCROOT)/godot/scene",
					"$(SRCROOT)/godot/drivers",
					"$(SRCROOT)/godot/trirdparty",
				);
				OTHER_CFLAGS = (
					"-fcxx-modules",
					"-fmodules",
				);
				OTHER_LDFLAGS = "-ObjC";
				PRODUCT_NAME = "$(TARGET_NAME)";
				SKIP_INSTALL = YES;
				TARGETED_DEVICE_FAMILY = "1,2";
			};
			name = Release;
		};
/* End XCBuildConfiguration section */

/* Begin XCConfigurationList section */
		D5A9875126EE19A6003508F5 /* Build configuration list for PBXProject "GodotFacebookAuth" */ = {
			isa = XCConfigurationList;
			buildConfigurations = (
				D5A9875D26EE19A6003508F5 /* Debug */,
				D5A9875E26EE19A6003508F5 /* Release */,
			);
			defaultConfigurationIsVisible = 0;
			defaultConfigurationName = Release;
		};
		D5A9875F26EE19A6003508F5 /* Build configuration list for PBXNativeTarget "GodotFacebookAuth" */ = {
			isa = XCConfigurationList;
			buildConfigurations = (
				D5A9876026EE19A6003508F5 /* Debug */,
				D5A9876126EE19A6003508F5 /* Release */,
			);
			defaultConfigurationIsVisible = 0;
			defaultConfigurationName = Release;
		};
/* End XCConfigurationList section */
	};
	rootObject = D5A9874E26EE19A6003508F5 /* Project object */;
}
